<?xml version="1.0" encoding="UTF-8" standalone="yes" ?>
<CodeBlocks_project_file>
	<FileVersion major="1" minor="6" />
	<Project>
		<Option title="T-Rex Shoes" />
		<Option pch_mode="2" />
		<Option compiler="gcc" />
		<Build>
			<Target title="Debug">
				<Option output="bin/Debug/T-Rex Shoes" prefix_auto="1" extension_auto="1" />
				<Option object_output="obj/Debug/" />
				<Option type="1" />
				<Option compiler="gcc" />
				<Compiler>
					<Add option="-g" />
					<Add directory="database/" />
					<Add directory="./" />
					<Add directory="../T-Rex Shoes" />
				</Compiler>
			</Target>
		</Build>
		<Compiler>
			<Add option="-Wall" />
			<Add option="-fexceptions" />
		</Compiler>
		<Unit filename="Katalog.h" />
		<Unit filename="Keranjang.cpp">
			<Option target="&lt;{~None~}&gt;" />
		</Unit>
		<Unit filename="Keranjang.h" />
		<Unit filename="Pencarian.h" />
		<Unit filename="Preorder.h" />
		<Unit filename="Sorting.h" />
		<Unit filename="database/database.h" />
		<Unit filename="main.cpp" />
		<Extensions />
	</Project>
</CodeBlocks_project_file>
